
Microsoft Visual Studio Solution File, Format Version 12.00
# Visual Studio 14
VisualStudioVersion = 14.0.25420.1
MinimumVisualStudioVersion = 10.0.40219.1
Project("{FAE04EC0-301F-11D3-BF4B-00C04F79EFBC}") = "todolist.DataAccess", "todolist.DataAccess\todolist.DataAccess.csproj", "{3AEA7CAE-A894-49A7-BAA4-51A33165FB66}"
EndProject
Project("{FAE04EC0-301F-11D3-BF4B-00C04F79EFBC}") = "todoList.Tests", "todoList.Tests\todoList.Tests.csproj", "{867F9387-7504-49D6-90CF-CF3B2DF3872E}"
EndProject
Global
	GlobalSection(SolutionConfigurationPlatforms) = preSolution
		Debug|Any CPU = Debug|Any CPU
		Release|Any CPU = Release|Any CPU
	EndGlobalSection
	GlobalSection(ProjectConfigurationPlatforms) = postSolution
		{3AEA7CAE-A894-49A7-BAA4-51A33165FB66}.Debug|Any CPU.ActiveCfg = Debug|Any CPU
		{3AEA7CAE-A894-49A7-BAA4-51A33165FB66}.Debug|Any CPU.Build.0 = Debug|Any CPU
		{3AEA7CAE-A894-49A7-BAA4-51A33165FB66}.Release|Any CPU.ActiveCfg = Release|Any CPU
		{3AEA7CAE-A894-49A7-BAA4-51A33165FB66}.Release|Any CPU.Build.0 = Release|Any CPU
		{867F9387-7504-49D6-90CF-CF3B2DF3872E}.Debug|Any CPU.ActiveCfg = Debug|Any CPU
		{867F9387-7504-49D6-90CF-CF3B2DF3872E}.Debug|Any CPU.Build.0 = Debug|Any CPU
		{867F9387-7504-49D6-90CF-CF3B2DF3872E}.Release|Any CPU.ActiveCfg = Release|Any CPU
		{867F9387-7504-49D6-90CF-CF3B2DF3872E}.Release|Any CPU.Build.0 = Release|Any CPU
	EndGlobalSection
	GlobalSection(SolutionProperties) = preSolution
		HideSolutionNode = FALSE
	EndGlobalSection
EndGlobal
